
Microsoft Visual Studio Solution File, Format Version 12.00
# Visual Studio Version 17
VisualStudioVersion = 17.9.34616.47
MinimumVisualStudioVersion = 10.0.40219.1
Project("{FAE04EC0-301F-11D3-BF4B-00C04F79EFBC}") = "Travel_agency_Lyapynova", "Travel_agency_Lyapynova.csproj", "{0E8B7D16-27E9-4F35-B731-4379C5CF4C6F}"
EndProject
Global
	GlobalSection(SolutionConfigurationPlatforms) = preSolution
		Debug|Any CPU = Debug|Any CPU
		Release|Any CPU = Release|Any CPU
	EndGlobalSection
	GlobalSection(ProjectConfigurationPlatforms) = postSolution
		{0E8B7D16-27E9-4F35-B731-4379C5CF4C6F}.Debug|Any CPU.ActiveCfg = Debug|Any CPU
		{0E8B7D16-27E9-4F35-B731-4379C5CF4C6F}.Debug|Any CPU.Build.0 = Debug|Any CPU
		{0E8B7D16-27E9-4F35-B731-4379C5CF4C6F}.Release|Any CPU.ActiveCfg = Release|Any CPU
		{0E8B7D16-27E9-4F35-B731-4379C5CF4C6F}.Release|Any CPU.Build.0 = Release|Any CPU
	EndGlobalSection
	GlobalSection(SolutionProperties) = preSolution
		HideSolutionNode = FALSE
	EndGlobalSection
	GlobalSection(ExtensibilityGlobals) = postSolution
		SolutionGuid = {F3C3F79E-9213-4D7F-9CF2-08AF2F9ADECC}
	EndGlobalSection
EndGlobal
